# THIS IS AN AUTOGENERATED FILE. DO NOT EDIT THIS FILE DIRECTLY.
# yarn lockfile v1


ckeditor@^4.6.2:
  version "4.6.2"
  resolved "https://registry.yarnpkg.com/ckeditor/-/ckeditor-4.6.2.tgz#b1552b7a2f9537e165d7afd2d29d3d4959ff6bad"

webcomponent-ckeditor@^1.0.0:
  version "1.0.2"
  resolved "https://registry.yarnpkg.com/webcomponent-ckeditor/-/webcomponent-ckeditor-1.0.2.tgz#8a669d5f08c346af256c0adf4eb0943cdd94906a"

webcomponentsjs@^1.0.2:
  version "1.0.2"
  resolved "https://registry.yarnpkg.com/webcomponentsjs/-/webcomponentsjs-1.0.2.tgz#b028914c579a61d8144913c7c94c2cf73b95fc69"
